
Microsoft Visual Studio Solution File, Format Version 12.00
# Visual Studio Version 17
VisualStudioVersion = 17.11.35222.181
MinimumVisualStudioVersion = 10.0.40219.1
Project("{FAE04EC0-301F-11D3-BF4B-00C04F79EFBC}") = "Week15", "Week15\Week15.csproj", "{31C5BEAF-14B7-4609-8A04-D1DF47431388}"
EndProject
Global
	GlobalSection(SolutionConfigurationPlatforms) = preSolution
		Debug|Any CPU = Debug|Any CPU
		Release|Any CPU = Release|Any CPU
	EndGlobalSection
	GlobalSection(ProjectConfigurationPlatforms) = postSolution
		{31C5BEAF-14B7-4609-8A04-D1DF47431388}.Debug|Any CPU.ActiveCfg = Debug|Any CPU
		{31C5BEAF-14B7-4609-8A04-D1DF47431388}.Debug|Any CPU.Build.0 = Debug|Any CPU
		{31C5BEAF-14B7-4609-8A04-D1DF47431388}.Release|Any CPU.ActiveCfg = Release|Any CPU
		{31C5BEAF-14B7-4609-8A04-D1DF47431388}.Release|Any CPU.Build.0 = Release|Any CPU
	EndGlobalSection
	GlobalSection(SolutionProperties) = preSolution
		HideSolutionNode = FALSE
	EndGlobalSection
	GlobalSection(ExtensibilityGlobals) = postSolution
		SolutionGuid = {3C773F8E-9443-4C26-B10B-620C3B1BCC1A}
	EndGlobalSection
EndGlobal
